
Microsoft Visual Studio Solution File, Format Version 12.00
# Visual Studio Version 17
VisualStudioVersion = 17.6.33815.320
MinimumVisualStudioVersion = 10.0.40219.1
Project("{FAE04EC0-301F-11D3-BF4B-00C04F79EFBC}") = "Leetcode", "Leetcode.csproj", "{2F56FC55-A37E-41A1-A102-30C399DFA842}"
EndProject
Global
	GlobalSection(SolutionConfigurationPlatforms) = preSolution
		Debug|Any CPU = Debug|Any CPU
		Release|Any CPU = Release|Any CPU
	EndGlobalSection
	GlobalSection(ProjectConfigurationPlatforms) = postSolution
		{2F56FC55-A37E-41A1-A102-30C399DFA842}.Debug|Any CPU.ActiveCfg = Debug|Any CPU
		{2F56FC55-A37E-41A1-A102-30C399DFA842}.Debug|Any CPU.Build.0 = Debug|Any CPU
		{2F56FC55-A37E-41A1-A102-30C399DFA842}.Release|Any CPU.ActiveCfg = Release|Any CPU
		{2F56FC55-A37E-41A1-A102-30C399DFA842}.Release|Any CPU.Build.0 = Release|Any CPU
	EndGlobalSection
	GlobalSection(SolutionProperties) = preSolution
		HideSolutionNode = FALSE
	EndGlobalSection
	GlobalSection(ExtensibilityGlobals) = postSolution
		SolutionGuid = {926BDA7E-A6B4-433B-93FC-E189DC08C8B8}
	EndGlobalSection
EndGlobal
